
Microsoft Visual Studio Solution File, Format Version 12.00
# Visual Studio 15
VisualStudioVersion = 15.0.28010.2003
MinimumVisualStudioVersion = 10.0.40219.1
Project("{FAE04EC0-301F-11D3-BF4B-00C04F79EFBC}") = "QEQ", "QEQ\QEQ.csproj", "{55711918-572E-4682-8575-4489C708E714}"
EndProject
Global
	GlobalSection(SolutionConfigurationPlatforms) = preSolution
		Debug|Any CPU = Debug|Any CPU
		Release|Any CPU = Release|Any CPU
	EndGlobalSection
	GlobalSection(ProjectConfigurationPlatforms) = postSolution
		{55711918-572E-4682-8575-4489C708E714}.Debug|Any CPU.ActiveCfg = Debug|Any CPU
		{55711918-572E-4682-8575-4489C708E714}.Debug|Any CPU.Build.0 = Debug|Any CPU
		{55711918-572E-4682-8575-4489C708E714}.Release|Any CPU.ActiveCfg = Release|Any CPU
		{55711918-572E-4682-8575-4489C708E714}.Release|Any CPU.Build.0 = Release|Any CPU
	EndGlobalSection
	GlobalSection(SolutionProperties) = preSolution
		HideSolutionNode = FALSE
	EndGlobalSection
	GlobalSection(ExtensibilityGlobals) = postSolution
		SolutionGuid = {3BCB77A7-6480-459C-8101-6307B1CAF467}
	EndGlobalSection
EndGlobal
